
Microsoft Visual Studio Solution File, Format Version 12.00
# Visual Studio Version 17
VisualStudioVersion = 17.3.32901.215
MinimumVisualStudioVersion = 10.0.40219.1
Project("{9A19103F-16F7-4668-BE54-9A1E7A4F7556}") = "Calculator", "Calculator\Calculator.csproj", "{02A02E2F-6352-4AC6-80C5-64D5A32127E5}"
EndProject
Global
	GlobalSection(SolutionConfigurationPlatforms) = preSolution
		Debug|Any CPU = Debug|Any CPU
		Release|Any CPU = Release|Any CPU
	EndGlobalSection
	GlobalSection(ProjectConfigurationPlatforms) = postSolution
		{02A02E2F-6352-4AC6-80C5-64D5A32127E5}.Debug|Any CPU.ActiveCfg = Debug|Any CPU
		{02A02E2F-6352-4AC6-80C5-64D5A32127E5}.Debug|Any CPU.Build.0 = Debug|Any CPU
		{02A02E2F-6352-4AC6-80C5-64D5A32127E5}.Release|Any CPU.ActiveCfg = Release|Any CPU
		{02A02E2F-6352-4AC6-80C5-64D5A32127E5}.Release|Any CPU.Build.0 = Release|Any CPU
	EndGlobalSection
	GlobalSection(SolutionProperties) = preSolution
		HideSolutionNode = FALSE
	EndGlobalSection
	GlobalSection(ExtensibilityGlobals) = postSolution
		SolutionGuid = {CB50D1CE-B129-46A1-84A1-958B57240A92}
	EndGlobalSection
EndGlobal
